
Microsoft Visual Studio Solution File, Format Version 12.00
# Visual Studio Version 17
VisualStudioVersion = 17.13.35919.96
MinimumVisualStudioVersion = 10.0.40219.1
Project("{FAE04EC0-301F-11D3-BF4B-00C04F79EFBC}") = "inetz.auth.dbcontext", "inetz.auth.dbcontext\inetz.auth.dbcontext.csproj", "{5440124E-610B-4C14-9862-28E95B99C824}"
EndProject
Project("{FAE04EC0-301F-11D3-BF4B-00C04F79EFBC}") = "inetz.authserver", "inetz.authserver\inetz.authserver.csproj", "{D2200B8F-6E65-4377-947E-B30211A457B2}"
EndProject
Project("{FAE04EC0-301F-11D3-BF4B-00C04F79EFBC}") = "inetz.ifinance.app", "inetz.ifinance.app\inetz.ifinance.app.csproj", "{CE0A8830-C51F-4B5E-974D-E42C80D7C1BF}"
EndProject
Global
	GlobalSection(SolutionConfigurationPlatforms) = preSolution
		Debug|Any CPU = Debug|Any CPU
		Release|Any CPU = Release|Any CPU
	EndGlobalSection
	GlobalSection(ProjectConfigurationPlatforms) = postSolution
		{5440124E-610B-4C14-9862-28E95B99C824}.Debug|Any CPU.ActiveCfg = Debug|Any CPU
		{5440124E-610B-4C14-9862-28E95B99C824}.Debug|Any CPU.Build.0 = Debug|Any CPU
		{5440124E-610B-4C14-9862-28E95B99C824}.Release|Any CPU.ActiveCfg = Release|Any CPU
		{5440124E-610B-4C14-9862-28E95B99C824}.Release|Any CPU.Build.0 = Release|Any CPU
		{D2200B8F-6E65-4377-947E-B30211A457B2}.Debug|Any CPU.ActiveCfg = Debug|Any CPU
		{D2200B8F-6E65-4377-947E-B30211A457B2}.Debug|Any CPU.Build.0 = Debug|Any CPU
		{D2200B8F-6E65-4377-947E-B30211A457B2}.Release|Any CPU.ActiveCfg = Release|Any CPU
		{D2200B8F-6E65-4377-947E-B30211A457B2}.Release|Any CPU.Build.0 = Release|Any CPU
		{CE0A8830-C51F-4B5E-974D-E42C80D7C1BF}.Debug|Any CPU.ActiveCfg = Debug|Any CPU
		{CE0A8830-C51F-4B5E-974D-E42C80D7C1BF}.Debug|Any CPU.Build.0 = Debug|Any CPU
		{CE0A8830-C51F-4B5E-974D-E42C80D7C1BF}.Debug|Any CPU.Deploy.0 = Debug|Any CPU
		{CE0A8830-C51F-4B5E-974D-E42C80D7C1BF}.Release|Any CPU.ActiveCfg = Release|Any CPU
		{CE0A8830-C51F-4B5E-974D-E42C80D7C1BF}.Release|Any CPU.Build.0 = Release|Any CPU
		{CE0A8830-C51F-4B5E-974D-E42C80D7C1BF}.Release|Any CPU.Deploy.0 = Release|Any CPU
	EndGlobalSection
	GlobalSection(SolutionProperties) = preSolution
		HideSolutionNode = FALSE
	EndGlobalSection
	GlobalSection(ExtensibilityGlobals) = postSolution
		SolutionGuid = {BBDB6F13-C614-436C-B6EA-DAAE47811D91}
	EndGlobalSection
EndGlobal
